// !$*UTF8*$!
{
	archiveVersion = 1;
	classes = {
	};
	objectVersion = 50;
	objects = {

/* Begin PBXBuildFile section */
		4CC5592F24D1C555000555C1 /* AppDelegate.swift in Sources */ = {isa = PBXBuildFile; fileRef = 4CC5592E24D1C555000555C1 /* AppDelegate.swift */; };
		4CC5593124D1C555000555C1 /* ViewController.swift in Sources */ = {isa = PBXBuildFile; fileRef = 4CC5593024D1C555000555C1 /* ViewController.swift */; };
		4CC5593324D1C558000555C1 /* Assets.xcassets in Resources */ = {isa = PBXBuildFile; fileRef = 4CC5593224D1C558000555C1 /* Assets.xcassets */; };
		4CC5593624D1C558000555C1 /* Main.storyboard in Resources */ = {isa = PBXBuildFile; fileRef = 4CC5593424D1C558000555C1 /* Main.storyboard */; };
		4CC5593F24D1C5AF000555C1 /* SourceView.swift in Sources */ = {isa = PBXBuildFile; fileRef = 4CC5593E24D1C5AF000555C1 /* SourceView.swift */; };
		4CC5594124D1CB74000555C1 /* MirrorView.swift in Sources */ = {isa = PBXBuildFile; fileRef = 4CC5594024D1CB74000555C1 /* MirrorView.swift */; };
		4CC5594624D1DC48000555C1 /* QuartzCore.framework in Frameworks */ = {isa = PBXBuildFile; fileRef = 4CC5594524D1DC48000555C1 /* QuartzCore.framework */; };
		4CC5595624DB4C9D000555C1 /* CALayerExtensions.swift in Sources */ = {isa = PBXBuildFile; fileRef = 4CC5595524DB4C9C000555C1 /* CALayerExtensions.swift */; };
/* End PBXBuildFile section */

/* Begin PBXFileReference section */
		4CC5592B24D1C555000555C1 /* CGContextMirror.app */ = {isa = PBXFileReference; explicitFileType = wrapper.application; includeInIndex = 0; path = CGContextMirror.app; sourceTree = BUILT_PRODUCTS_DIR; };
		4CC5592E24D1C555000555C1 /* AppDelegate.swift */ = {isa = PBXFileReference; lastKnownFileType = sourcecode.swift; path = AppDelegate.swift; sourceTree = "<group>"; };
		4CC5593024D1C555000555C1 /* ViewController.swift */ = {isa = PBXFileReference; lastKnownFileType = sourcecode.swift; path = ViewController.swift; sourceTree = "<group>"; };
		4CC5593224D1C558000555C1 /* Assets.xcassets */ = {isa = PBXFileReference; lastKnownFileType = folder.assetcatalog; path = Assets.xcassets; sourceTree = "<group>"; };
		4CC5593524D1C558000555C1 /* Base */ = {isa = PBXFileReference; lastKnownFileType = file.storyboard; name = Base; path = Base.lproj/Main.storyboard; sourceTree = "<group>"; };
		4CC5593724D1C558000555C1 /* Info.plist */ = {isa = PBXFileReference; lastKnownFileType = text.plist.xml; path = Info.plist; sourceTree = "<group>"; };
		4CC5593824D1C558000555C1 /* CGContextMirror.entitlements */ = {isa = PBXFileReference; lastKnownFileType = text.plist.entitlements; path = CGContextMirror.entitlements; sourceTree = "<group>"; };
		4CC5593E24D1C5AF000555C1 /* SourceView.swift */ = {isa = PBXFileReference; lastKnownFileType = sourcecode.swift; path = SourceView.swift; sourceTree = "<group>"; };
		4CC5594024D1CB74000555C1 /* MirrorView.swift */ = {isa = PBXFileReference; lastKnownFileType = sourcecode.swift; path = MirrorView.swift; sourceTree = "<group>"; };
		4CC5594524D1DC48000555C1 /* QuartzCore.framework */ = {isa = PBXFileReference; lastKnownFileType = wrapper.framework; name = QuartzCore.framework; path = System/Library/Frameworks/QuartzCore.framework; sourceTree = SDKROOT; };
		4CC5595524DB4C9C000555C1 /* CALayerExtensions.swift */ = {isa = PBXFileReference; lastKnownFileType = sourcecode.swift; path = CALayerExtensions.swift; sourceTree = "<group>"; };
/* End PBXFileReference section */

/* Begin PBXFrameworksBuildPhase section */
		4CC5592824D1C555000555C1 /* Frameworks */ = {
			isa = PBXFrameworksBuildPhase;
			buildActionMask = 2147483647;
			files = (
				4CC5594624D1DC48000555C1 /* QuartzCore.framework in Frameworks */,
			);
			runOnlyForDeploymentPostprocessing = 0;
		};
/* End PBXFrameworksBuildPhase section */

/* Begin PBXGroup section */
		4CC5592224D1C555000555C1 = {
			isa = PBXGroup;
			children = (
				4CC5592D24D1C555000555C1 /* CGContextMirror */,
				4CC5592C24D1C555000555C1 /* Products */,
				4CC5594424D1DC48000555C1 /* Frameworks */,
			);
			sourceTree = "<group>";
		};
		4CC5592C24D1C555000555C1 /* Products */ = {
			isa = PBXGroup;
			children = (
				4CC5592B24D1C555000555C1 /* CGContextMirror.app */,
			);
			name = Products;
			sourceTree = "<group>";
		};
		4CC5592D24D1C555000555C1 /* CGContextMirror */ = {
			isa = PBXGroup;
			children = (
				4CC5592E24D1C555000555C1 /* AppDelegate.swift */,
				4CC5593024D1C555000555C1 /* ViewController.swift */,
				4CC5593224D1C558000555C1 /* Assets.xcassets */,
				4CC5593424D1C558000555C1 /* Main.storyboard */,
				4CC5593724D1C558000555C1 /* Info.plist */,
				4CC5593824D1C558000555C1 /* CGContextMirror.entitlements */,
				4CC5593E24D1C5AF000555C1 /* SourceView.swift */,
				4CC5594024D1CB74000555C1 /* MirrorView.swift */,
				4CC5595524DB4C9C000555C1 /* CALayerExtensions.swift */,
			);
			path = CGContextMirror;
			sourceTree = "<group>";
		};
		4CC5594424D1DC48000555C1 /* Frameworks */ = {
			isa = PBXGroup;
			children = (
				4CC5594524D1DC48000555C1 /* QuartzCore.framework */,
			);
			name = Frameworks;
			sourceTree = "<group>";
		};
/* End PBXGroup section */

/* Begin PBXNativeTarget section */
		4CC5592A24D1C555000555C1 /* CGContextMirror */ = {
			isa = PBXNativeTarget;
			buildConfigurationList = 4CC5593B24D1C558000555C1 /* Build configuration list for PBXNativeTarget "CGContextMirror" */;
			buildPhases = (
				4CC5592724D1C555000555C1 /* Sources */,
				4CC5592824D1C555000555C1 /* Frameworks */,
				4CC5592924D1C555000555C1 /* Resources */,
			);
			buildRules = (
			);
			dependencies = (
			);
			name = CGContextMirror;
			productName = CGContextMirror;
			productReference = 4CC5592B24D1C555000555C1 /* CGContextMirror.app */;
			productType = "com.apple.product-type.application";
		};
/* End PBXNativeTarget section */

/* Begin PBXProject section */
		4CC5592324D1C555000555C1 /* Project object */ = {
			isa = PBXProject;
			attributes = {
				LastSwiftUpdateCheck = 1150;
				LastUpgradeCheck = 1150;
				ORGANIZATIONNAME = Michael;
				TargetAttributes = {
					4CC5592A24D1C555000555C1 = {
						CreatedOnToolsVersion = 11.5;
					};
				};
			};
			buildConfigurationList = 4CC5592624D1C555000555C1 /* Build configuration list for PBXProject "CGContextMirror" */;
			compatibilityVersion = "Xcode 9.3";
			developmentRegion = en;
			hasScannedForEncodings = 0;
			knownRegions = (
				en,
				Base,
			);
			mainGroup = 4CC5592224D1C555000555C1;
			productRefGroup = 4CC5592C24D1C555000555C1 /* Products */;
			projectDirPath = "";
			projectRoot = "";
			targets = (
				4CC5592A24D1C555000555C1 /* CGContextMirror */,
			);
		};
/* End PBXProject section */

/* Begin PBXResourcesBuildPhase section */
		4CC5592924D1C555000555C1 /* Resources */ = {
			isa = PBXResourcesBuildPhase;
			buildActionMask = 2147483647;
			files = (
				4CC5593324D1C558000555C1 /* Assets.xcassets in Resources */,
				4CC5593624D1C558000555C1 /* Main.storyboard in Resources */,
			);
			runOnlyForDeploymentPostprocessing = 0;
		};
/* End PBXResourcesBuildPhase section */

/* Begin PBXSourcesBuildPhase section */
		4CC5592724D1C555000555C1 /* Sources */ = {
			isa = PBXSourcesBuildPhase;
			buildActionMask = 2147483647;
			files = (
				4CC5595624DB4C9D000555C1 /* CALayerExtensions.swift in Sources */,
				4CC5593F24D1C5AF000555C1 /* SourceView.swift in Sources */,
				4CC5594124D1CB74000555C1 /* MirrorView.swift in Sources */,
				4CC5593124D1C555000555C1 /* ViewController.swift in Sources */,
				4CC5592F24D1C555000555C1 /* AppDelegate.swift in Sources */,
			);
			runOnlyForDeploymentPostprocessing = 0;
		};
/* End PBXSourcesBuildPhase section */

/* Begin PBXVariantGroup section */
		4CC5593424D1C558000555C1 /* Main.storyboard */ = {
			isa = PBXVariantGroup;
			children = (
				4CC5593524D1C558000555C1 /* Base */,
			);
			name = Main.storyboard;
			sourceTree = "<group>";
		};
/* End PBXVariantGroup section */

/* Begin XCBuildConfiguration section */
		4CC5593924D1C558000555C1 /* Debug */ = {
			isa = XCBuildConfiguration;
			buildSettings = {
				ALWAYS_SEARCH_USER_PATHS = NO;
				CLANG_ANALYZER_NONNULL = YES;
				CLANG_ANALYZER_NUMBER_OBJECT_CONVERSION = YES_AGGRESSIVE;
				CLANG_CXX_LANGUAGE_STANDARD = "gnu++14";
				CLANG_CXX_LIBRARY = "libc++";
				CLANG_ENABLE_MODULES = YES;
				CLANG_ENABLE_OBJC_ARC = YES;
				CLANG_ENABLE_OBJC_WEAK = YES;
				CLANG_WARN_BLOCK_CAPTURE_AUTORELEASING = YES;
				CLANG_WARN_BOOL_CONVERSION = YES;
				CLANG_WARN_COMMA = YES;
				CLANG_WARN_CONSTANT_CONVERSION = YES;
				CLANG_WARN_DEPRECATED_OBJC_IMPLEMENTATIONS = YES;
				CLANG_WARN_DIRECT_OBJC_ISA_USAGE = YES_ERROR;
				CLANG_WARN_DOCUMENTATION_COMMENTS = YES;
				CLANG_WARN_EMPTY_BODY = YES;
				CLANG_WARN_ENUM_CONVERSION = YES;
				CLANG_WARN_INFINITE_RECURSION = YES;
				CLANG_WARN_INT_CONVERSION = YES;
				CLANG_WARN_NON_LITERAL_NULL_CONVERSION = YES;
				CLANG_WARN_OBJC_IMPLICIT_RETAIN_SELF = YES;
				CLANG_WARN_OBJC_LITERAL_CONVERSION = YES;
				CLANG_WARN_OBJC_ROOT_CLASS = YES_ERROR;
				CLANG_WARN_RANGE_LOOP_ANALYSIS = YES;
				CLANG_WARN_STRICT_PROTOTYPES = YES;
				CLANG_WARN_SUSPICIOUS_MOVE = YES;
				CLANG_WARN_UNGUARDED_AVAILABILITY = YES_AGGRESSIVE;
				CLANG_WARN_UNREACHABLE_CODE = YES;
				CLANG_WARN__DUPLICATE_METHOD_MATCH = YES;
				COPY_PHASE_STRIP = NO;
				DEBUG_INFORMATION_FORMAT = dwarf;
				ENABLE_STRICT_OBJC_MSGSEND = YES;
				ENABLE_TESTABILITY = YES;
				GCC_C_LANGUAGE_STANDARD = gnu11;
				GCC_DYNAMIC_NO_PIC = NO;
				GCC_NO_COMMON_BLOCKS = YES;
				GCC_OPTIMIZATION_LEVEL = 0;
				GCC_PREPROCESSOR_DEFINITIONS = (
					"DEBUG=1",
					"$(inherited)",
				);
				GCC_WARN_64_TO_32_BIT_CONVERSION = YES;
				GCC_WARN_ABOUT_RETURN_TYPE = YES_ERROR;
				GCC_WARN_UNDECLARED_SELECTOR = YES;
				GCC_WARN_UNINITIALIZED_AUTOS = YES_AGGRESSIVE;
				GCC_WARN_UNUSED_FUNCTION = YES;
				GCC_WARN_UNUSED_VARIABLE = YES;
				MACOSX_DEPLOYMENT_TARGET = 10.15;
				MTL_ENABLE_DEBUG_INFO = INCLUDE_SOURCE;
				MTL_FAST_MATH = YES;
				ONLY_ACTIVE_ARCH = YES;
				SDKROOT = macosx;
				SWIFT_ACTIVE_COMPILATION_CONDITIONS = DEBUG;
				SWIFT_OPTIMIZATION_LEVEL = "-Onone";
			};
			name = Debug;
		};
		4CC5593A24D1C558000555C1 /* Release */ = {
			isa = XCBuildConfiguration;
			buildSettings = {
				ALWAYS_SEARCH_USER_PATHS = NO;
				CLANG_ANALYZER_NONNULL = YES;
				CLANG_ANALYZER_NUMBER_OBJECT_CONVERSION = YES_AGGRESSIVE;
				CLANG_CXX_LANGUAGE_STANDARD = "gnu++14";
				CLANG_CXX_LIBRARY = "libc++";
				CLANG_ENABLE_MODULES = YES;
				CLANG_ENABLE_OBJC_ARC = YES;
				CLANG_ENABLE_OBJC_WEAK = YES;
				CLANG_WARN_BLOCK_CAPTURE_AUTORELEASING = YES;
				CLANG_WARN_BOOL_CONVERSION = YES;
				CLANG_WARN_COMMA = YES;
				CLANG_WARN_CONSTANT_CONVERSION = YES;
				CLANG_WARN_DEPRECATED_OBJC_IMPLEMENTATIONS = YES;
				CLANG_WARN_DIRECT_OBJC_ISA_USAGE = YES_ERROR;
				CLANG_WARN_DOCUMENTATION_COMMENTS = YES;
				CLANG_WARN_EMPTY_BODY = YES;
				CLANG_WARN_ENUM_CONVERSION = YES;
				CLANG_WARN_INFINITE_RECURSION = YES;
				CLANG_WARN_INT_CONVERSION = YES;
				CLANG_WARN_NON_LITERAL_NULL_CONVERSION = YES;
				CLANG_WARN_OBJC_IMPLICIT_RETAIN_SELF = YES;
				CLANG_WARN_OBJC_LITERAL_CONVERSION = YES;
				CLANG_WARN_OBJC_ROOT_CLASS = YES_ERROR;
				CLANG_WARN_RANGE_LOOP_ANALYSIS = YES;
				CLANG_WARN_STRICT_PROTOTYPES = YES;
				CLANG_WARN_SUSPICIOUS_MOVE = YES;
				CLANG_WARN_UNGUARDED_AVAILABILITY = YES_AGGRESSIVE;
				CLANG_WARN_UNREACHABLE_CODE = YES;
				CLANG_WARN__DUPLICATE_METHOD_MATCH = YES;
				COPY_PHASE_STRIP = NO;
				DEBUG_INFORMATION_FORMAT = "dwarf-with-dsym";
				ENABLE_NS_ASSERTIONS = NO;
				ENABLE_STRICT_OBJC_MSGSEND = YES;
				GCC_C_LANGUAGE_STANDARD = gnu11;
				GCC_NO_COMMON_BLOCKS = YES;
				GCC_WARN_64_TO_32_BIT_CONVERSION = YES;
				GCC_WARN_ABOUT_RETURN_TYPE = YES_ERROR;
				GCC_WARN_UNDECLARED_SELECTOR = YES;
				GCC_WARN_UNINITIALIZED_AUTOS = YES_AGGRESSIVE;
				GCC_WARN_UNUSED_FUNCTION = YES;
				GCC_WARN_UNUSED_VARIABLE = YES;
				MACOSX_DEPLOYMENT_TARGET = 10.15;
				MTL_ENABLE_DEBUG_INFO = NO;
				MTL_FAST_MATH = YES;
				SDKROOT = macosx;
				SWIFT_COMPILATION_MODE = wholemodule;
				SWIFT_OPTIMIZATION_LEVEL = "-O";
			};
			name = Release;
		};
		4CC5593C24D1C558000555C1 /* Debug */ = {
			isa = XCBuildConfiguration;
			buildSettings = {
				ASSETCATALOG_COMPILER_APPICON_NAME = AppIcon;
				CODE_SIGN_ENTITLEMENTS = CGContextMirror/CGContextMirror.entitlements;
				CODE_SIGN_STYLE = Automatic;
				COMBINE_HIDPI_IMAGES = YES;
				DEVELOPMENT_TEAM = 49FU9E98SQ;
				ENABLE_HARDENED_RUNTIME = YES;
				INFOPLIST_FILE = CGContextMirror/Info.plist;
				LD_RUNPATH_SEARCH_PATHS = (
					"$(inherited)",
					"@executable_path/../Frameworks",
				);
				PRODUCT_BUNDLE_IDENTIFIER = me.CGContextMirror;
				PRODUCT_NAME = "$(TARGET_NAME)";
				SWIFT_VERSION = 5.0;
			};
			name = Debug;
		};
		4CC5593D24D1C558000555C1 /* Release */ = {
			isa = XCBuildConfiguration;
			buildSettings = {
				ASSETCATALOG_COMPILER_APPICON_NAME = AppIcon;
				CODE_SIGN_ENTITLEMENTS = CGContextMirror/CGContextMirror.entitlements;
				CODE_SIGN_STYLE = Automatic;
				COMBINE_HIDPI_IMAGES = YES;
				DEVELOPMENT_TEAM = 49FU9E98SQ;
				ENABLE_HARDENED_RUNTIME = YES;
				INFOPLIST_FILE = CGContextMirror/Info.plist;
				LD_RUNPATH_SEARCH_PATHS = (
					"$(inherited)",
					"@executable_path/../Frameworks",
				);
				PRODUCT_BUNDLE_IDENTIFIER = me.CGContextMirror;
				PRODUCT_NAME = "$(TARGET_NAME)";
				SWIFT_VERSION = 5.0;
			};
			name = Release;
		};
/* End XCBuildConfiguration section */

/* Begin XCConfigurationList section */
		4CC5592624D1C555000555C1 /* Build configuration list for PBXProject "CGContextMirror" */ = {
			isa = XCConfigurationList;
			buildConfigurations = (
				4CC5593924D1C558000555C1 /* Debug */,
				4CC5593A24D1C558000555C1 /* Release */,
			);
			defaultConfigurationIsVisible = 0;
			defaultConfigurationName = Release;
		};
		4CC5593B24D1C558000555C1 /* Build configuration list for PBXNativeTarget "CGContextMirror" */ = {
			isa = XCConfigurationList;
			buildConfigurations = (
				4CC5593C24D1C558000555C1 /* Debug */,
				4CC5593D24D1C558000555C1 /* Release */,
			);
			defaultConfigurationIsVisible = 0;
			defaultConfigurationName = Release;
		};
/* End XCConfigurationList section */
	};
	rootObject = 4CC5592324D1C555000555C1 /* Project object */;
}
